
Microsoft Visual Studio Solution File, Format Version 12.00
# Visual Studio Version 16
VisualStudioVersion = 16.0.29806.167
MinimumVisualStudioVersion = 10.0.40219.1
Project("{8BC9CEB8-8B4A-11D0-8D11-00A0C91BC942}") = "TCPFighterServer", "TCPFighterServer\TCPFighterServer.vcxproj", "{7ADC0B62-DA3C-4514-97AD-4F5DC0D4DF74}"
EndProject
Global
	GlobalSection(SolutionConfigurationPlatforms) = preSolution
		Debug|x64 = Debug|x64
		Debug|x86 = Debug|x86
		Release|x64 = Release|x64
		Release|x86 = Release|x86
	EndGlobalSection
	GlobalSection(ProjectConfigurationPlatforms) = postSolution
		{7ADC0B62-DA3C-4514-97AD-4F5DC0D4DF74}.Debug|x64.ActiveCfg = Debug|x64
		{7ADC0B62-DA3C-4514-97AD-4F5DC0D4DF74}.Debug|x64.Build.0 = Debug|x64
		{7ADC0B62-DA3C-4514-97AD-4F5DC0D4DF74}.Debug|x86.ActiveCfg = Debug|Win32
		{7ADC0B62-DA3C-4514-97AD-4F5DC0D4DF74}.Debug|x86.Build.0 = Debug|Win32
		{7ADC0B62-DA3C-4514-97AD-4F5DC0D4DF74}.Release|x64.ActiveCfg = Release|x64
		{7ADC0B62-DA3C-4514-97AD-4F5DC0D4DF74}.Release|x64.Build.0 = Release|x64
		{7ADC0B62-DA3C-4514-97AD-4F5DC0D4DF74}.Release|x86.ActiveCfg = Release|Win32
		{7ADC0B62-DA3C-4514-97AD-4F5DC0D4DF74}.Release|x86.Build.0 = Release|Win32
	EndGlobalSection
	GlobalSection(SolutionProperties) = preSolution
		HideSolutionNode = FALSE
	EndGlobalSection
	GlobalSection(ExtensibilityGlobals) = postSolution
		SolutionGuid = {F0275360-71E2-473B-B162-827B41C5B6CA}
	EndGlobalSection
EndGlobal
